
Microsoft Visual Studio Solution File, Format Version 12.00
Project("{FAE04EC0-301F-11D3-BF4B-00C04F79EFBC}") = "Poly6502.Utilities", "Poly6502.Utilities\Poly6502.Utilities.csproj", "{9F43AA59-BFD5-4C9B-97E7-85E274C6043B}"
EndProject
Project("{FAE04EC0-301F-11D3-BF4B-00C04F79EFBC}") = "Poly6502.Interfaces", "Poly6502.Interfaces\Poly6502.Interfaces.csproj", "{15984C20-4A59-4570-A0BF-A1D259589889}"
EndProject
Project("{FAE04EC0-301F-11D3-BF4B-00C04F79EFBC}") = "Poly6502.Microprocessor", "Poly6502.Microprocessor\Poly6502.Microprocessor.csproj", "{7DC6B14E-04F2-4DBA-9F5F-11A6A89EE724}"
EndProject
Project("{FAE04EC0-301F-11D3-BF4B-00C04F79EFBC}") = "Poly6502.Tests", "Poly6502.Tests\Poly6502.Tests.csproj", "{FEB52FF5-29C4-49CA-9F1F-FCF2AB221E8E}"
EndProject
Global
	GlobalSection(SolutionConfigurationPlatforms) = preSolution
		Debug|Any CPU = Debug|Any CPU
		Release|Any CPU = Release|Any CPU
	EndGlobalSection
	GlobalSection(ProjectConfigurationPlatforms) = postSolution
		{9F43AA59-BFD5-4C9B-97E7-85E274C6043B}.Debug|Any CPU.ActiveCfg = Debug|Any CPU
		{9F43AA59-BFD5-4C9B-97E7-85E274C6043B}.Debug|Any CPU.Build.0 = Debug|Any CPU
		{9F43AA59-BFD5-4C9B-97E7-85E274C6043B}.Release|Any CPU.ActiveCfg = Release|Any CPU
		{9F43AA59-BFD5-4C9B-97E7-85E274C6043B}.Release|Any CPU.Build.0 = Release|Any CPU
		{15984C20-4A59-4570-A0BF-A1D259589889}.Debug|Any CPU.ActiveCfg = Debug|Any CPU
		{15984C20-4A59-4570-A0BF-A1D259589889}.Debug|Any CPU.Build.0 = Debug|Any CPU
		{15984C20-4A59-4570-A0BF-A1D259589889}.Release|Any CPU.ActiveCfg = Release|Any CPU
		{15984C20-4A59-4570-A0BF-A1D259589889}.Release|Any CPU.Build.0 = Release|Any CPU
		{7DC6B14E-04F2-4DBA-9F5F-11A6A89EE724}.Debug|Any CPU.ActiveCfg = Debug|Any CPU
		{7DC6B14E-04F2-4DBA-9F5F-11A6A89EE724}.Debug|Any CPU.Build.0 = Debug|Any CPU
		{7DC6B14E-04F2-4DBA-9F5F-11A6A89EE724}.Release|Any CPU.ActiveCfg = Release|Any CPU
		{7DC6B14E-04F2-4DBA-9F5F-11A6A89EE724}.Release|Any CPU.Build.0 = Release|Any CPU
		{FEB52FF5-29C4-49CA-9F1F-FCF2AB221E8E}.Debug|Any CPU.ActiveCfg = Debug|Any CPU
		{FEB52FF5-29C4-49CA-9F1F-FCF2AB221E8E}.Debug|Any CPU.Build.0 = Debug|Any CPU
		{FEB52FF5-29C4-49CA-9F1F-FCF2AB221E8E}.Release|Any CPU.ActiveCfg = Release|Any CPU
		{FEB52FF5-29C4-49CA-9F1F-FCF2AB221E8E}.Release|Any CPU.Build.0 = Release|Any CPU
	EndGlobalSection
EndGlobal
